
Microsoft Visual Studio Solution File, Format Version 12.00
# Visual Studio Version 17
VisualStudioVersion = 17.11.35222.181
MinimumVisualStudioVersion = 10.0.40219.1
Project("{FAE04EC0-301F-11D3-BF4B-00C04F79EFBC}") = "Form Page", "Form Page.csproj", "{666A7115-4E02-4D7A-BF72-F671837261D5}"
EndProject
Global
	GlobalSection(SolutionConfigurationPlatforms) = preSolution
		Debug|Any CPU = Debug|Any CPU
		Release|Any CPU = Release|Any CPU
	EndGlobalSection
	GlobalSection(ProjectConfigurationPlatforms) = postSolution
		{666A7115-4E02-4D7A-BF72-F671837261D5}.Debug|Any CPU.ActiveCfg = Debug|Any CPU
		{666A7115-4E02-4D7A-BF72-F671837261D5}.Debug|Any CPU.Build.0 = Debug|Any CPU
		{666A7115-4E02-4D7A-BF72-F671837261D5}.Release|Any CPU.ActiveCfg = Release|Any CPU
		{666A7115-4E02-4D7A-BF72-F671837261D5}.Release|Any CPU.Build.0 = Release|Any CPU
	EndGlobalSection
	GlobalSection(SolutionProperties) = preSolution
		HideSolutionNode = FALSE
	EndGlobalSection
	GlobalSection(ExtensibilityGlobals) = postSolution
		SolutionGuid = {EA91EE9A-C129-45AE-B13B-8023C1BE925D}
	EndGlobalSection
EndGlobal
